// !$*UTF8*$!
{
	archiveVersion = 1;
	classes = {
	};
	objectVersion = 46;
	objects = {

/* Begin PBXFileReference section */
		111974E81AC71C8C00B2044B /* .gitignore */ = {isa = PBXFileReference; lastKnownFileType = text; path = .gitignore; sourceTree = "<group>"; };
		1139920C1B81604E00C49A24 /* PWLoader.m */ = {isa = PBXFileReference; lastKnownFileType = sourcecode.c.objc; path = PWLoader.m; sourceTree = "<group>"; };
		1139920D1B8160A400C49A24 /* PWLoader.plist */ = {isa = PBXFileReference; lastKnownFileType = text.plist; path = PWLoader.plist; sourceTree = "<group>"; };
		116037141AC68B140083E61B /* CARenderServerAPI.h */ = {isa = PBXFileReference; lastKnownFileType = sourcecode.c.h; path = CARenderServerAPI.h; sourceTree = "<group>"; };
		116037151AC68B140083E61B /* IOSurfaceAPI.h */ = {isa = PBXFileReference; lastKnownFileType = sourcecode.c.h; path = IOSurfaceAPI.h; sourceTree = "<group>"; };
		116037161AC68B140083E61B /* SBFProceduralWallpaper.h */ = {isa = PBXFileReference; lastKnownFileType = sourcecode.c.h; path = SBFProceduralWallpaper.h; sourceTree = "<group>"; };
		116037171AC68B140083E61B /* SBFProceduralWallpaperDelegate.h */ = {isa = PBXFileReference; lastKnownFileType = sourcecode.c.h; path = SBFProceduralWallpaperDelegate.h; sourceTree = "<group>"; };
		116037181AC68B1C0083E61B /* PWView.h */ = {isa = PBXFileReference; lastKnownFileType = sourcecode.c.h; path = PWView.h; sourceTree = "<group>"; };
		116037191AC68B1C0083E61B /* PWView.m */ = {isa = PBXFileReference; lastKnownFileType = sourcecode.c.objc; path = PWView.m; sourceTree = "<group>"; };
		1160371A1AC68B1C0083E61B /* PWWallpaper.h */ = {isa = PBXFileReference; lastKnownFileType = sourcecode.c.h; path = PWWallpaper.h; sourceTree = "<group>"; };
		1160371B1AC68B1C0083E61B /* PWWallpaper.m */ = {isa = PBXFileReference; lastKnownFileType = sourcecode.c.objc; path = PWWallpaper.m; sourceTree = "<group>"; };
		1160371F1AC68B230083E61B /* Makefile */ = {isa = PBXFileReference; lastKnownFileType = sourcecode.make; path = Makefile; sourceTree = "<group>"; };
		116037201AC68B280083E61B /* control */ = {isa = PBXFileReference; lastKnownFileType = text; path = control; sourceTree = "<group>"; };
		116F00E01B4703B6008CF358 /* SBSUIWallpaperMotionButton.h */ = {isa = PBXFileReference; lastKnownFileType = sourcecode.c.h; path = SBSUIWallpaperMotionButton.h; sourceTree = "<group>"; };
		116F00E11B4703BF008CF358 /* SBFButton.h */ = {isa = PBXFileReference; lastKnownFileType = sourcecode.c.h; path = SBFButton.h; sourceTree = "<group>"; };
		116F00E21B470456008CF358 /* SBSUIWallpaperPreviewView.h */ = {isa = PBXFileReference; lastKnownFileType = sourcecode.c.h; path = SBSUIWallpaperPreviewView.h; sourceTree = "<group>"; };
		116F00E31B476A7D008CF358 /* PWToggleButton.h */ = {isa = PBXFileReference; lastKnownFileType = sourcecode.c.h; path = PWToggleButton.h; sourceTree = "<group>"; };
		116F00E41B476A7D008CF358 /* PWToggleButton.m */ = {isa = PBXFileReference; lastKnownFileType = sourcecode.c.objc; path = PWToggleButton.m; sourceTree = "<group>"; };
		116F00E71B477F25008CF358 /* PWWallpaperPreviewView.h */ = {isa = PBXFileReference; lastKnownFileType = sourcecode.c.h; path = PWWallpaperPreviewView.h; sourceTree = "<group>"; };
		116F00E81B477F25008CF358 /* PWWallpaperPreviewView.m */ = {isa = PBXFileReference; lastKnownFileType = sourcecode.c.objc; path = PWWallpaperPreviewView.m; sourceTree = "<group>"; };
		117005CA1AC7A3BE00020CF1 /* WallpaperMagicAlbumViewControllerPadSpec.h */ = {isa = PBXFileReference; lastKnownFileType = sourcecode.c.h; path = WallpaperMagicAlbumViewControllerPadSpec.h; sourceTree = "<group>"; };
		117005CB1AC7A3BE00020CF1 /* WallpaperMagicAlbumViewControllerPhoneSpec.h */ = {isa = PBXFileReference; lastKnownFileType = sourcecode.c.h; path = WallpaperMagicAlbumViewControllerPhoneSpec.h; sourceTree = "<group>"; };
		117005CC1AC7A3BE00020CF1 /* WallpaperMagicGridViewController.h */ = {isa = PBXFileReference; lastKnownFileType = sourcecode.c.h; path = WallpaperMagicGridViewController.h; sourceTree = "<group>"; };
		117005CD1AC7A3BE00020CF1 /* WallpaperMagicGridViewControllerSpec.h */ = {isa = PBXFileReference; lastKnownFileType = sourcecode.c.h; path = WallpaperMagicGridViewControllerSpec.h; sourceTree = "<group>"; };
		117005CE1AC7A3BE00020CF1 /* WallpaperPreviewNavigationController.h */ = {isa = PBXFileReference; lastKnownFileType = sourcecode.c.h; path = WallpaperPreviewNavigationController.h; sourceTree = "<group>"; };
		117005D11AC7CF2400020CF1 /* PWWallpaperPreviewController.h */ = {isa = PBXFileReference; lastKnownFileType = sourcecode.c.h; path = PWWallpaperPreviewController.h; sourceTree = "<group>"; };
		117005D21AC7CF2400020CF1 /* PWWallpaperPreviewController.m */ = {isa = PBXFileReference; lastKnownFileType = sourcecode.c.objc; path = PWWallpaperPreviewController.m; sourceTree = "<group>"; };
		117005D31AC7D03D00020CF1 /* PLCropOverlay.h */ = {isa = PBXFileReference; lastKnownFileType = sourcecode.c.h; path = PLCropOverlay.h; sourceTree = "<group>"; };
		117005D41AC7D03D00020CF1 /* PLCropOverlayWallpaperBottomBar.h */ = {isa = PBXFileReference; lastKnownFileType = sourcecode.c.h; path = PLCropOverlayWallpaperBottomBar.h; sourceTree = "<group>"; };
		117005D51AC7D03D00020CF1 /* PLMagicWallpaperImageViewController.h */ = {isa = PBXFileReference; lastKnownFileType = sourcecode.c.h; path = PLMagicWallpaperImageViewController.h; sourceTree = "<group>"; };
		117005D61AC7D03D00020CF1 /* PLUIEditImageViewController.h */ = {isa = PBXFileReference; lastKnownFileType = sourcecode.c.h; path = PLUIEditImageViewController.h; sourceTree = "<group>"; };
		117005D71AC7D03D00020CF1 /* PLUIImageViewController.h */ = {isa = PBXFileReference; lastKnownFileType = sourcecode.c.h; path = PLUIImageViewController.h; sourceTree = "<group>"; };
		117005D81AC7D03D00020CF1 /* PLWallpaperButton.h */ = {isa = PBXFileReference; lastKnownFileType = sourcecode.c.h; path = PLWallpaperButton.h; sourceTree = "<group>"; };
		117005D91AC7D03D00020CF1 /* PLWallpaperImageViewController.h */ = {isa = PBXFileReference; lastKnownFileType = sourcecode.c.h; path = PLWallpaperImageViewController.h; sourceTree = "<group>"; };
		117005DA1AC7D06600020CF1 /* SBSUIWallpaperPreviewViewController.h */ = {isa = PBXFileReference; lastKnownFileType = sourcecode.c.h; path = SBSUIWallpaperPreviewViewController.h; sourceTree = "<group>"; };
		117005DB1AC7D11700020CF1 /* PUPhotosGridViewController.h */ = {isa = PBXFileReference; lastKnownFileType = sourcecode.c.h; path = PUPhotosGridViewController.h; sourceTree = "<group>"; };
		117005DD1AC8744400020CF1 /* SBFWallpaperView.h */ = {isa = PBXFileReference; lastKnownFileType = sourcecode.c.h; path = SBFWallpaperView.h; sourceTree = "<group>"; };
/* End PBXFileReference section */

/* Begin PBXGroup section */
		1160370B1AC68A830083E61B = {
			isa = PBXGroup;
			children = (
				116037121AC68A870083E61B /* libProceduralWallpaper */,
			);
			sourceTree = "<group>";
		};
		116037121AC68A870083E61B /* libProceduralWallpaper */ = {
			isa = PBXGroup;
			children = (
				116037131AC68B140083E61B /* include */,
				111974E81AC71C8C00B2044B /* .gitignore */,
				116037201AC68B280083E61B /* control */,
				1160371F1AC68B230083E61B /* Makefile */,
				1139920D1B8160A400C49A24 /* PWLoader.plist */,
				1139920C1B81604E00C49A24 /* PWLoader.m */,
				116037181AC68B1C0083E61B /* PWView.h */,
				116037191AC68B1C0083E61B /* PWView.m */,
				1160371A1AC68B1C0083E61B /* PWWallpaper.h */,
				1160371B1AC68B1C0083E61B /* PWWallpaper.m */,
				117005D11AC7CF2400020CF1 /* PWWallpaperPreviewController.h */,
				117005D21AC7CF2400020CF1 /* PWWallpaperPreviewController.m */,
				116F00E71B477F25008CF358 /* PWWallpaperPreviewView.h */,
				116F00E81B477F25008CF358 /* PWWallpaperPreviewView.m */,
				116F00E31B476A7D008CF358 /* PWToggleButton.h */,
				116F00E41B476A7D008CF358 /* PWToggleButton.m */,
			);
			name = libProceduralWallpaper;
			sourceTree = "<group>";
		};
		116037131AC68B140083E61B /* include */ = {
			isa = PBXGroup;
			children = (
				117005DB1AC7D11700020CF1 /* PUPhotosGridViewController.h */,
				117005D31AC7D03D00020CF1 /* PLCropOverlay.h */,
				117005D41AC7D03D00020CF1 /* PLCropOverlayWallpaperBottomBar.h */,
				117005D51AC7D03D00020CF1 /* PLMagicWallpaperImageViewController.h */,
				117005D61AC7D03D00020CF1 /* PLUIEditImageViewController.h */,
				117005D71AC7D03D00020CF1 /* PLUIImageViewController.h */,
				117005D81AC7D03D00020CF1 /* PLWallpaperButton.h */,
				117005D91AC7D03D00020CF1 /* PLWallpaperImageViewController.h */,
				117005CA1AC7A3BE00020CF1 /* WallpaperMagicAlbumViewControllerPadSpec.h */,
				117005CB1AC7A3BE00020CF1 /* WallpaperMagicAlbumViewControllerPhoneSpec.h */,
				117005CC1AC7A3BE00020CF1 /* WallpaperMagicGridViewController.h */,
				117005CD1AC7A3BE00020CF1 /* WallpaperMagicGridViewControllerSpec.h */,
				117005CE1AC7A3BE00020CF1 /* WallpaperPreviewNavigationController.h */,
				116F00E21B470456008CF358 /* SBSUIWallpaperPreviewView.h */,
				117005DA1AC7D06600020CF1 /* SBSUIWallpaperPreviewViewController.h */,
				116F00E01B4703B6008CF358 /* SBSUIWallpaperMotionButton.h */,
				116F00E11B4703BF008CF358 /* SBFButton.h */,
				117005DD1AC8744400020CF1 /* SBFWallpaperView.h */,
				116037161AC68B140083E61B /* SBFProceduralWallpaper.h */,
				116037171AC68B140083E61B /* SBFProceduralWallpaperDelegate.h */,
				116037141AC68B140083E61B /* CARenderServerAPI.h */,
				116037151AC68B140083E61B /* IOSurfaceAPI.h */,
			);
			path = include;
			sourceTree = "<group>";
		};
/* End PBXGroup section */

/* Begin PBXProject section */
		1160370C1AC68A830083E61B /* Project object */ = {
			isa = PBXProject;
			attributes = {
				LastUpgradeCheck = 0630;
			};
			buildConfigurationList = 1160370F1AC68A830083E61B /* Build configuration list for PBXProject "libProceduralWallpaper" */;
			compatibilityVersion = "Xcode 3.2";
			developmentRegion = English;
			hasScannedForEncodings = 0;
			knownRegions = (
				en,
			);
			mainGroup = 1160370B1AC68A830083E61B;
			projectDirPath = "";
			projectRoot = "";
			targets = (
			);
		};
/* End PBXProject section */

/* Begin XCBuildConfiguration section */
		116037101AC68A830083E61B /* Debug */ = {
			isa = XCBuildConfiguration;
			buildSettings = {
				ONLY_ACTIVE_ARCH = YES;
			};
			name = Debug;
		};
		116037111AC68A830083E61B /* Release */ = {
			isa = XCBuildConfiguration;
			buildSettings = {
			};
			name = Release;
		};
/* End XCBuildConfiguration section */

/* Begin XCConfigurationList section */
		1160370F1AC68A830083E61B /* Build configuration list for PBXProject "libProceduralWallpaper" */ = {
			isa = XCConfigurationList;
			buildConfigurations = (
				116037101AC68A830083E61B /* Debug */,
				116037111AC68A830083E61B /* Release */,
			);
			defaultConfigurationIsVisible = 0;
			defaultConfigurationName = Release;
		};
/* End XCConfigurationList section */
	};
	rootObject = 1160370C1AC68A830083E61B /* Project object */;
}
